// !$*UTF8*$!
{
	archiveVersion = 1;
	classes = {
	};
	objectVersion = 46;
	objects = {

/* Begin PBXBuildFile section */
		351DD86F1D5C1EC800AAA9CF /* main.m in Sources */ = {isa = PBXBuildFile; fileRef = 351DD86E1D5C1EC800AAA9CF /* main.m */; };
		351DD8721D5C1EC800AAA9CF /* AppDelegate.m in Sources */ = {isa = PBXBuildFile; fileRef = 351DD8711D5C1EC800AAA9CF /* AppDelegate.m */; };
		351DD87A1D5C1EC800AAA9CF /* Assets.xcassets in Resources */ = {isa = PBXBuildFile; fileRef = 351DD8791D5C1EC800AAA9CF /* Assets.xcassets */; };
		351DD8881D5C1EC800AAA9CF /* weiboTests.m in Sources */ = {isa = PBXBuildFile; fileRef = 351DD8871D5C1EC800AAA9CF /* weiboTests.m */; };
		351DD8931D5C1EC800AAA9CF /* weiboUITests.m in Sources */ = {isa = PBXBuildFile; fileRef = 351DD8921D5C1EC800AAA9CF /* weiboUITests.m */; };
		3529FE151D6E9AF2002FDF13 /* IWNewFeatureCtrl.m in Sources */ = {isa = PBXBuildFile; fileRef = 3529FE141D6E9AF2002FDF13 /* IWNewFeatureCtrl.m */; };
		3529FE1A1D6EF15A002FDF13 /* IWOAuthViewCtrl.m in Sources */ = {isa = PBXBuildFile; fileRef = 3529FE191D6EF15A002FDF13 /* IWOAuthViewCtrl.m */; };
		35439AC61D701CE700591AEE /* AFHTTPSessionManager.m in Sources */ = {isa = PBXBuildFile; fileRef = 35439ABA1D701CE700591AEE /* AFHTTPSessionManager.m */; };
		35439AC71D701CE700591AEE /* AFNetworkReachabilityManager.m in Sources */ = {isa = PBXBuildFile; fileRef = 35439ABD1D701CE700591AEE /* AFNetworkReachabilityManager.m */; };
		35439AC81D701CE700591AEE /* AFSecurityPolicy.m in Sources */ = {isa = PBXBuildFile; fileRef = 35439ABF1D701CE700591AEE /* AFSecurityPolicy.m */; };
		35439AC91D701CE700591AEE /* AFURLRequestSerialization.m in Sources */ = {isa = PBXBuildFile; fileRef = 35439AC11D701CE700591AEE /* AFURLRequestSerialization.m */; };
		35439ACA1D701CE700591AEE /* AFURLResponseSerialization.m in Sources */ = {isa = PBXBuildFile; fileRef = 35439AC31D701CE700591AEE /* AFURLResponseSerialization.m */; };
		35439ACB1D701CE700591AEE /* AFURLSessionManager.m in Sources */ = {isa = PBXBuildFile; fileRef = 35439AC51D701CE700591AEE /* AFURLSessionManager.m */; };
		35439ACF1D70274100591AEE /* IWAccount.m in Sources */ = {isa = PBXBuildFile; fileRef = 35439ACE1D70274100591AEE /* IWAccount.m */; };
		35439AD21D7042AE00591AEE /* UIWindow+Extension.m in Sources */ = {isa = PBXBuildFile; fileRef = 35439AD11D7042AE00591AEE /* UIWindow+Extension.m */; };
		35AEA7201D6D777E00FF9522 /* IWDiscoverViewCtrl.m in Sources */ = {isa = PBXBuildFile; fileRef = 35AEA6F11D6D777E00FF9522 /* IWDiscoverViewCtrl.m */; };
		35AEA7211D6D777E00FF9522 /* IWHomeViewCtrl.m in Sources */ = {isa = PBXBuildFile; fileRef = 35AEA6F71D6D777E00FF9522 /* IWHomeViewCtrl.m */; };
		35AEA7221D6D777E00FF9522 /* IWHomeTitleButton.m in Sources */ = {isa = PBXBuildFile; fileRef = 35AEA6FB1D6D777E00FF9522 /* IWHomeTitleButton.m */; };
		35AEA7231D6D777E00FF9522 /* UIBarButtonItem+Extension.m in Sources */ = {isa = PBXBuildFile; fileRef = 35AEA7071D6D777E00FF9522 /* UIBarButtonItem+Extension.m */; };
		35AEA7241D6D777E00FF9522 /* UIView+Extension.m in Sources */ = {isa = PBXBuildFile; fileRef = 35AEA7091D6D777E00FF9522 /* UIView+Extension.m */; };
		35AEA7251D6D777E00FF9522 /* UIView+Inspectable.m in Sources */ = {isa = PBXBuildFile; fileRef = 35AEA70B1D6D777E00FF9522 /* UIView+Inspectable.m */; };
		35AEA7261D6D777E00FF9522 /* IWNavigationController.m in Sources */ = {isa = PBXBuildFile; fileRef = 35AEA70E1D6D777E00FF9522 /* IWNavigationController.m */; };
		35AEA7271D6D777E00FF9522 /* IWTabBarController.m in Sources */ = {isa = PBXBuildFile; fileRef = 35AEA7101D6D777E00FF9522 /* IWTabBarController.m */; };
		35AEA7281D6D777E00FF9522 /* IWSearchView.m in Sources */ = {isa = PBXBuildFile; fileRef = 35AEA7141D6D777E00FF9522 /* IWSearchView.m */; };
		35AEA7291D6D777E00FF9522 /* IWSearchView.xib in Resources */ = {isa = PBXBuildFile; fileRef = 35AEA7151D6D777E00FF9522 /* IWSearchView.xib */; };
		35AEA72A1D6D777E00FF9522 /* IWTabBar.m in Sources */ = {isa = PBXBuildFile; fileRef = 35AEA7171D6D777E00FF9522 /* IWTabBar.m */; };
		35AEA72B1D6D777E00FF9522 /* IWTemp2ViewCtrl.m in Sources */ = {isa = PBXBuildFile; fileRef = 35AEA71B1D6D777E00FF9522 /* IWTemp2ViewCtrl.m */; };
		35AEA72C1D6D777E00FF9522 /* IWTemp3ViewCtrl.m in Sources */ = {isa = PBXBuildFile; fileRef = 35AEA71D1D6D777E00FF9522 /* IWTemp3ViewCtrl.m */; };
		35AEA72F1D6D809800FF9522 /* IWPopView.m in Sources */ = {isa = PBXBuildFile; fileRef = 35AEA72E1D6D809800FF9522 /* IWPopView.m */; };
/* End PBXBuildFile section */

/* Begin PBXContainerItemProxy section */
		351DD8841D5C1EC800AAA9CF /* PBXContainerItemProxy */ = {
			isa = PBXContainerItemProxy;
			containerPortal = 351DD8621D5C1EC800AAA9CF /* Project object */;
			proxyType = 1;
			remoteGlobalIDString = 351DD8691D5C1EC800AAA9CF;
			remoteInfo = weibo;
		};
		351DD88F1D5C1EC800AAA9CF /* PBXContainerItemProxy */ = {
			isa = PBXContainerItemProxy;
			containerPortal = 351DD8621D5C1EC800AAA9CF /* Project object */;
			proxyType = 1;
			remoteGlobalIDString = 351DD8691D5C1EC800AAA9CF;
			remoteInfo = weibo;
		};
/* End PBXContainerItemProxy section */

/* Begin PBXFileReference section */
		351DD86A1D5C1EC800AAA9CF /* weibo.app */ = {isa = PBXFileReference; explicitFileType = wrapper.application; includeInIndex = 0; path = weibo.app; sourceTree = BUILT_PRODUCTS_DIR; };
		351DD86E1D5C1EC800AAA9CF /* main.m */ = {isa = PBXFileReference; lastKnownFileType = sourcecode.c.objc; path = main.m; sourceTree = "<group>"; };
		351DD8701D5C1EC800AAA9CF /* AppDelegate.h */ = {isa = PBXFileReference; lastKnownFileType = sourcecode.c.h; path = AppDelegate.h; sourceTree = "<group>"; };
		351DD8711D5C1EC800AAA9CF /* AppDelegate.m */ = {isa = PBXFileReference; lastKnownFileType = sourcecode.c.objc; path = AppDelegate.m; sourceTree = "<group>"; };
		351DD8791D5C1EC800AAA9CF /* Assets.xcassets */ = {isa = PBXFileReference; lastKnownFileType = folder.assetcatalog; path = Assets.xcassets; sourceTree = "<group>"; };
		351DD87E1D5C1EC800AAA9CF /* Info.plist */ = {isa = PBXFileReference; lastKnownFileType = text.plist.xml; path = Info.plist; sourceTree = "<group>"; };
		351DD8831D5C1EC800AAA9CF /* weiboTests.xctest */ = {isa = PBXFileReference; explicitFileType = wrapper.cfbundle; includeInIndex = 0; path = weiboTests.xctest; sourceTree = BUILT_PRODUCTS_DIR; };
		351DD8871D5C1EC800AAA9CF /* weiboTests.m */ = {isa = PBXFileReference; lastKnownFileType = sourcecode.c.objc; path = weiboTests.m; sourceTree = "<group>"; };
		351DD8891D5C1EC800AAA9CF /* Info.plist */ = {isa = PBXFileReference; lastKnownFileType = text.plist.xml; path = Info.plist; sourceTree = "<group>"; };
		351DD88E1D5C1EC800AAA9CF /* weiboUITests.xctest */ = {isa = PBXFileReference; explicitFileType = wrapper.cfbundle; includeInIndex = 0; path = weiboUITests.xctest; sourceTree = BUILT_PRODUCTS_DIR; };
		351DD8921D5C1EC800AAA9CF /* weiboUITests.m */ = {isa = PBXFileReference; lastKnownFileType = sourcecode.c.objc; path = weiboUITests.m; sourceTree = "<group>"; };
		351DD8941D5C1EC800AAA9CF /* Info.plist */ = {isa = PBXFileReference; lastKnownFileType = text.plist.xml; path = Info.plist; sourceTree = "<group>"; };
		3529FE131D6E9AF2002FDF13 /* IWNewFeatureCtrl.h */ = {isa = PBXFileReference; fileEncoding = 4; lastKnownFileType = sourcecode.c.h; path = IWNewFeatureCtrl.h; sourceTree = "<group>"; };
		3529FE141D6E9AF2002FDF13 /* IWNewFeatureCtrl.m */ = {isa = PBXFileReference; fileEncoding = 4; lastKnownFileType = sourcecode.c.objc; path = IWNewFeatureCtrl.m; sourceTree = "<group>"; };
		3529FE181D6EF15A002FDF13 /* IWOAuthViewCtrl.h */ = {isa = PBXFileReference; fileEncoding = 4; lastKnownFileType = sourcecode.c.h; path = IWOAuthViewCtrl.h; sourceTree = "<group>"; };
		3529FE191D6EF15A002FDF13 /* IWOAuthViewCtrl.m */ = {isa = PBXFileReference; fileEncoding = 4; lastKnownFileType = sourcecode.c.objc; path = IWOAuthViewCtrl.m; sourceTree = "<group>"; };
		35439AB91D701CE700591AEE /* AFHTTPSessionManager.h */ = {isa = PBXFileReference; fileEncoding = 4; lastKnownFileType = sourcecode.c.h; path = AFHTTPSessionManager.h; sourceTree = "<group>"; };
		35439ABA1D701CE700591AEE /* AFHTTPSessionManager.m */ = {isa = PBXFileReference; fileEncoding = 4; lastKnownFileType = sourcecode.c.objc; path = AFHTTPSessionManager.m; sourceTree = "<group>"; };
		35439ABB1D701CE700591AEE /* AFNetworking.h */ = {isa = PBXFileReference; fileEncoding = 4; lastKnownFileType = sourcecode.c.h; path = AFNetworking.h; sourceTree = "<group>"; };
		35439ABC1D701CE700591AEE /* AFNetworkReachabilityManager.h */ = {isa = PBXFileReference; fileEncoding = 4; lastKnownFileType = sourcecode.c.h; path = AFNetworkReachabilityManager.h; sourceTree = "<group>"; };
		35439ABD1D701CE700591AEE /* AFNetworkReachabilityManager.m */ = {isa = PBXFileReference; fileEncoding = 4; lastKnownFileType = sourcecode.c.objc; path = AFNetworkReachabilityManager.m; sourceTree = "<group>"; };
		35439ABE1D701CE700591AEE /* AFSecurityPolicy.h */ = {isa = PBXFileReference; fileEncoding = 4; lastKnownFileType = sourcecode.c.h; path = AFSecurityPolicy.h; sourceTree = "<group>"; };
		35439ABF1D701CE700591AEE /* AFSecurityPolicy.m */ = {isa = PBXFileReference; fileEncoding = 4; lastKnownFileType = sourcecode.c.objc; path = AFSecurityPolicy.m; sourceTree = "<group>"; };
		35439AC01D701CE700591AEE /* AFURLRequestSerialization.h */ = {isa = PBXFileReference; fileEncoding = 4; lastKnownFileType = sourcecode.c.h; path = AFURLRequestSerialization.h; sourceTree = "<group>"; };
		35439AC11D701CE700591AEE /* AFURLRequestSerialization.m */ = {isa = PBXFileReference; fileEncoding = 4; lastKnownFileType = sourcecode.c.objc; path = AFURLRequestSerialization.m; sourceTree = "<group>"; };
		35439AC21D701CE700591AEE /* AFURLResponseSerialization.h */ = {isa = PBXFileReference; fileEncoding = 4; lastKnownFileType = sourcecode.c.h; path = AFURLResponseSerialization.h; sourceTree = "<group>"; };
		35439AC31D701CE700591AEE /* AFURLResponseSerialization.m */ = {isa = PBXFileReference; fileEncoding = 4; lastKnownFileType = sourcecode.c.objc; path = AFURLResponseSerialization.m; sourceTree = "<group>"; };
		35439AC41D701CE700591AEE /* AFURLSessionManager.h */ = {isa = PBXFileReference; fileEncoding = 4; lastKnownFileType = sourcecode.c.h; path = AFURLSessionManager.h; sourceTree = "<group>"; };
		35439AC51D701CE700591AEE /* AFURLSessionManager.m */ = {isa = PBXFileReference; fileEncoding = 4; lastKnownFileType = sourcecode.c.objc; path = AFURLSessionManager.m; sourceTree = "<group>"; };
		35439ACD1D70274100591AEE /* IWAccount.h */ = {isa = PBXFileReference; fileEncoding = 4; lastKnownFileType = sourcecode.c.h; path = IWAccount.h; sourceTree = "<group>"; };
		35439ACE1D70274100591AEE /* IWAccount.m */ = {isa = PBXFileReference; fileEncoding = 4; lastKnownFileType = sourcecode.c.objc; path = IWAccount.m; sourceTree = "<group>"; };
		35439AD01D7042AE00591AEE /* UIWindow+Extension.h */ = {isa = PBXFileReference; fileEncoding = 4; lastKnownFileType = sourcecode.c.h; path = "UIWindow+Extension.h"; sourceTree = "<group>"; };
		35439AD11D7042AE00591AEE /* UIWindow+Extension.m */ = {isa = PBXFileReference; fileEncoding = 4; lastKnownFileType = sourcecode.c.objc; path = "UIWindow+Extension.m"; sourceTree = "<group>"; };
		35AEA6F01D6D777E00FF9522 /* IWDiscoverViewCtrl.h */ = {isa = PBXFileReference; fileEncoding = 4; lastKnownFileType = sourcecode.c.h; path = IWDiscoverViewCtrl.h; sourceTree = "<group>"; };
		35AEA6F11D6D777E00FF9522 /* IWDiscoverViewCtrl.m */ = {isa = PBXFileReference; fileEncoding = 4; lastKnownFileType = sourcecode.c.objc; path = IWDiscoverViewCtrl.m; sourceTree = "<group>"; };
		35AEA6F61D6D777E00FF9522 /* IWHomeViewCtrl.h */ = {isa = PBXFileReference; fileEncoding = 4; lastKnownFileType = sourcecode.c.h; path = IWHomeViewCtrl.h; sourceTree = "<group>"; };
		35AEA6F71D6D777E00FF9522 /* IWHomeViewCtrl.m */ = {isa = PBXFileReference; fileEncoding = 4; lastKnownFileType = sourcecode.c.objc; path = IWHomeViewCtrl.m; sourceTree = "<group>"; };
		35AEA6FA1D6D777E00FF9522 /* IWHomeTitleButton.h */ = {isa = PBXFileReference; fileEncoding = 4; lastKnownFileType = sourcecode.c.h; path = IWHomeTitleButton.h; sourceTree = "<group>"; };
		35AEA6FB1D6D777E00FF9522 /* IWHomeTitleButton.m */ = {isa = PBXFileReference; fileEncoding = 4; lastKnownFileType = sourcecode.c.objc; path = IWHomeTitleButton.m; sourceTree = "<group>"; };
		35AEA7061D6D777E00FF9522 /* UIBarButtonItem+Extension.h */ = {isa = PBXFileReference; fileEncoding = 4; lastKnownFileType = sourcecode.c.h; path = "UIBarButtonItem+Extension.h"; sourceTree = "<group>"; };
		35AEA7071D6D777E00FF9522 /* UIBarButtonItem+Extension.m */ = {isa = PBXFileReference; fileEncoding = 4; lastKnownFileType = sourcecode.c.objc; path = "UIBarButtonItem+Extension.m"; sourceTree = "<group>"; };
		35AEA7081D6D777E00FF9522 /* UIView+Extension.h */ = {isa = PBXFileReference; fileEncoding = 4; lastKnownFileType = sourcecode.c.h; path = "UIView+Extension.h"; sourceTree = "<group>"; };
		35AEA7091D6D777E00FF9522 /* UIView+Extension.m */ = {isa = PBXFileReference; fileEncoding = 4; lastKnownFileType = sourcecode.c.objc; path = "UIView+Extension.m"; sourceTree = "<group>"; };
		35AEA70A1D6D777E00FF9522 /* UIView+Inspectable.h */ = {isa = PBXFileReference; fileEncoding = 4; lastKnownFileType = sourcecode.c.h; path = "UIView+Inspectable.h"; sourceTree = "<group>"; };
		35AEA70B1D6D777E00FF9522 /* UIView+Inspectable.m */ = {isa = PBXFileReference; fileEncoding = 4; lastKnownFileType = sourcecode.c.objc; path = "UIView+Inspectable.m"; sourceTree = "<group>"; };
		35AEA70D1D6D777E00FF9522 /* IWNavigationController.h */ = {isa = PBXFileReference; fileEncoding = 4; lastKnownFileType = sourcecode.c.h; path = IWNavigationController.h; sourceTree = "<group>"; };
		35AEA70E1D6D777E00FF9522 /* IWNavigationController.m */ = {isa = PBXFileReference; fileEncoding = 4; lastKnownFileType = sourcecode.c.objc; path = IWNavigationController.m; sourceTree = "<group>"; };
		35AEA70F1D6D777E00FF9522 /* IWTabBarController.h */ = {isa = PBXFileReference; fileEncoding = 4; lastKnownFileType = sourcecode.c.h; path = IWTabBarController.h; sourceTree = "<group>"; };
		35AEA7101D6D777E00FF9522 /* IWTabBarController.m */ = {isa = PBXFileReference; fileEncoding = 4; lastKnownFileType = sourcecode.c.objc; path = IWTabBarController.m; sourceTree = "<group>"; };
		35AEA7131D6D777E00FF9522 /* IWSearchView.h */ = {isa = PBXFileReference; fileEncoding = 4; lastKnownFileType = sourcecode.c.h; path = IWSearchView.h; sourceTree = "<group>"; };
		35AEA7141D6D777E00FF9522 /* IWSearchView.m */ = {isa = PBXFileReference; fileEncoding = 4; lastKnownFileType = sourcecode.c.objc; path = IWSearchView.m; sourceTree = "<group>"; };
		35AEA7151D6D777E00FF9522 /* IWSearchView.xib */ = {isa = PBXFileReference; fileEncoding = 4; lastKnownFileType = file.xib; path = IWSearchView.xib; sourceTree = "<group>"; };
		35AEA7161D6D777E00FF9522 /* IWTabBar.h */ = {isa = PBXFileReference; fileEncoding = 4; lastKnownFileType = sourcecode.c.h; path = IWTabBar.h; sourceTree = "<group>"; };
		35AEA7171D6D777E00FF9522 /* IWTabBar.m */ = {isa = PBXFileReference; fileEncoding = 4; lastKnownFileType = sourcecode.c.objc; path = IWTabBar.m; sourceTree = "<group>"; };
		35AEA71A1D6D777E00FF9522 /* IWTemp2ViewCtrl.h */ = {isa = PBXFileReference; fileEncoding = 4; lastKnownFileType = sourcecode.c.h; path = IWTemp2ViewCtrl.h; sourceTree = "<group>"; };
		35AEA71B1D6D777E00FF9522 /* IWTemp2ViewCtrl.m */ = {isa = PBXFileReference; fileEncoding = 4; lastKnownFileType = sourcecode.c.objc; path = IWTemp2ViewCtrl.m; sourceTree = "<group>"; };
		35AEA71C1D6D777E00FF9522 /* IWTemp3ViewCtrl.h */ = {isa = PBXFileReference; fileEncoding = 4; lastKnownFileType = sourcecode.c.h; path = IWTemp3ViewCtrl.h; sourceTree = "<group>"; };
		35AEA71D1D6D777E00FF9522 /* IWTemp3ViewCtrl.m */ = {isa = PBXFileReference; fileEncoding = 4; lastKnownFileType = sourcecode.c.objc; path = IWTemp3ViewCtrl.m; sourceTree = "<group>"; };
		35AEA72D1D6D809800FF9522 /* IWPopView.h */ = {isa = PBXFileReference; fileEncoding = 4; lastKnownFileType = sourcecode.c.h; path = IWPopView.h; sourceTree = "<group>"; };
		35AEA72E1D6D809800FF9522 /* IWPopView.m */ = {isa = PBXFileReference; fileEncoding = 4; lastKnownFileType = sourcecode.c.objc; path = IWPopView.m; sourceTree = "<group>"; };
		35DF81281D5D7625008D19B7 /* PrefixHeader.pch */ = {isa = PBXFileReference; lastKnownFileType = sourcecode.c.h; path = PrefixHeader.pch; sourceTree = "<group>"; };
/* End PBXFileReference section */

/* Begin PBXFrameworksBuildPhase section */
		351DD8671D5C1EC800AAA9CF /* Frameworks */ = {
			isa = PBXFrameworksBuildPhase;
			buildActionMask = 2147483647;
			files = (
			);
			runOnlyForDeploymentPostprocessing = 0;
		};
		351DD8801D5C1EC800AAA9CF /* Frameworks */ = {
			isa = PBXFrameworksBuildPhase;
			buildActionMask = 2147483647;
			files = (
			);
			runOnlyForDeploymentPostprocessing = 0;
		};
		351DD88B1D5C1EC800AAA9CF /* Frameworks */ = {
			isa = PBXFrameworksBuildPhase;
			buildActionMask = 2147483647;
			files = (
			);
			runOnlyForDeploymentPostprocessing = 0;
		};
/* End PBXFrameworksBuildPhase section */

/* Begin PBXGroup section */
		351DD8611D5C1EC800AAA9CF = {
			isa = PBXGroup;
			children = (
				351DD86C1D5C1EC800AAA9CF /* weibo */,
				351DD8861D5C1EC800AAA9CF /* weiboTests */,
				351DD8911D5C1EC800AAA9CF /* weiboUITests */,
				351DD86B1D5C1EC800AAA9CF /* Products */,
				35439AB71D701CDB00591AEE /* ThirdLib */,
			);
			sourceTree = "<group>";
		};
		351DD86B1D5C1EC800AAA9CF /* Products */ = {
			isa = PBXGroup;
			children = (
				351DD86A1D5C1EC800AAA9CF /* weibo.app */,
				351DD8831D5C1EC800AAA9CF /* weiboTests.xctest */,
				351DD88E1D5C1EC800AAA9CF /* weiboUITests.xctest */,
			);
			name = Products;
			sourceTree = "<group>";
		};
		351DD86C1D5C1EC800AAA9CF /* weibo */ = {
			isa = PBXGroup;
			children = (
				35AEA6ED1D6D777E00FF9522 /* Classes */,
				351DD8701D5C1EC800AAA9CF /* AppDelegate.h */,
				351DD8711D5C1EC800AAA9CF /* AppDelegate.m */,
				351DD8791D5C1EC800AAA9CF /* Assets.xcassets */,
				351DD87E1D5C1EC800AAA9CF /* Info.plist */,
				351DD86D1D5C1EC800AAA9CF /* Supporting Files */,
			);
			path = weibo;
			sourceTree = "<group>";
		};
		351DD86D1D5C1EC800AAA9CF /* Supporting Files */ = {
			isa = PBXGroup;
			children = (
				351DD86E1D5C1EC800AAA9CF /* main.m */,
				35DF81281D5D7625008D19B7 /* PrefixHeader.pch */,
			);
			name = "Supporting Files";
			sourceTree = "<group>";
		};
		351DD8861D5C1EC800AAA9CF /* weiboTests */ = {
			isa = PBXGroup;
			children = (
				351DD8871D5C1EC800AAA9CF /* weiboTests.m */,
				351DD8891D5C1EC800AAA9CF /* Info.plist */,
			);
			path = weiboTests;
			sourceTree = "<group>";
		};
		351DD8911D5C1EC800AAA9CF /* weiboUITests */ = {
			isa = PBXGroup;
			children = (
				351DD8921D5C1EC800AAA9CF /* weiboUITests.m */,
				351DD8941D5C1EC800AAA9CF /* Info.plist */,
			);
			path = weiboUITests;
			sourceTree = "<group>";
		};
		3529FE111D6E9AB8002FDF13 /* NewFeature */ = {
			isa = PBXGroup;
			children = (
				3529FE121D6E9AC8002FDF13 /* Controller */,
			);
			path = NewFeature;
			sourceTree = "<group>";
		};
		3529FE121D6E9AC8002FDF13 /* Controller */ = {
			isa = PBXGroup;
			children = (
				3529FE131D6E9AF2002FDF13 /* IWNewFeatureCtrl.h */,
				3529FE141D6E9AF2002FDF13 /* IWNewFeatureCtrl.m */,
			);
			path = Controller;
			sourceTree = "<group>";
		};
		3529FE161D6EF141002FDF13 /* OAuth */ = {
			isa = PBXGroup;
			children = (
				35439ACC1D70272A00591AEE /* Model */,
				3529FE171D6EF141002FDF13 /* Controller */,
			);
			path = OAuth;
			sourceTree = "<group>";
		};
		3529FE171D6EF141002FDF13 /* Controller */ = {
			isa = PBXGroup;
			children = (
				3529FE181D6EF15A002FDF13 /* IWOAuthViewCtrl.h */,
				3529FE191D6EF15A002FDF13 /* IWOAuthViewCtrl.m */,
			);
			path = Controller;
			sourceTree = "<group>";
		};
		35439AB71D701CDB00591AEE /* ThirdLib */ = {
			isa = PBXGroup;
			children = (
				35439AB81D701CE700591AEE /* AFNetworking */,
			);
			path = ThirdLib;
			sourceTree = "<group>";
		};
		35439AB81D701CE700591AEE /* AFNetworking */ = {
			isa = PBXGroup;
			children = (
				35439AB91D701CE700591AEE /* AFHTTPSessionManager.h */,
				35439ABA1D701CE700591AEE /* AFHTTPSessionManager.m */,
				35439ABB1D701CE700591AEE /* AFNetworking.h */,
				35439ABC1D701CE700591AEE /* AFNetworkReachabilityManager.h */,
				35439ABD1D701CE700591AEE /* AFNetworkReachabilityManager.m */,
				35439ABE1D701CE700591AEE /* AFSecurityPolicy.h */,
				35439ABF1D701CE700591AEE /* AFSecurityPolicy.m */,
				35439AC01D701CE700591AEE /* AFURLRequestSerialization.h */,
				35439AC11D701CE700591AEE /* AFURLRequestSerialization.m */,
				35439AC21D701CE700591AEE /* AFURLResponseSerialization.h */,
				35439AC31D701CE700591AEE /* AFURLResponseSerialization.m */,
				35439AC41D701CE700591AEE /* AFURLSessionManager.h */,
				35439AC51D701CE700591AEE /* AFURLSessionManager.m */,
			);
			path = AFNetworking;
			sourceTree = "<group>";
		};
		35439ACC1D70272A00591AEE /* Model */ = {
			isa = PBXGroup;
			children = (
				35439ACD1D70274100591AEE /* IWAccount.h */,
				35439ACE1D70274100591AEE /* IWAccount.m */,
			);
			path = Model;
			sourceTree = "<group>";
		};
		35AEA6ED1D6D777E00FF9522 /* Classes */ = {
			isa = PBXGroup;
			children = (
				3529FE161D6EF141002FDF13 /* OAuth */,
				3529FE111D6E9AB8002FDF13 /* NewFeature */,
				35AEA6EE1D6D777E00FF9522 /* Discover */,
				35AEA6F41D6D777E00FF9522 /* Home */,
				35AEA6FC1D6D777E00FF9522 /* Message */,
				35AEA7001D6D777E00FF9522 /* Profile */,
				35AEA7041D6D777E00FF9522 /* Public */,
				35AEA7181D6D777E00FF9522 /* Temp */,
			);
			path = Classes;
			sourceTree = "<group>";
		};
		35AEA6EE1D6D777E00FF9522 /* Discover */ = {
			isa = PBXGroup;
			children = (
				35AEA6EF1D6D777E00FF9522 /* Controller */,
				35AEA6F21D6D777E00FF9522 /* Model */,
				35AEA6F31D6D777E00FF9522 /* View */,
			);
			path = Discover;
			sourceTree = "<group>";
		};
		35AEA6EF1D6D777E00FF9522 /* Controller */ = {
			isa = PBXGroup;
			children = (
				35AEA6F01D6D777E00FF9522 /* IWDiscoverViewCtrl.h */,
				35AEA6F11D6D777E00FF9522 /* IWDiscoverViewCtrl.m */,
			);
			path = Controller;
			sourceTree = "<group>";
		};
		35AEA6F21D6D777E00FF9522 /* Model */ = {
			isa = PBXGroup;
			children = (
			);
			path = Model;
			sourceTree = "<group>";
		};
		35AEA6F31D6D777E00FF9522 /* View */ = {
			isa = PBXGroup;
			children = (
			);
			path = View;
			sourceTree = "<group>";
		};
		35AEA6F41D6D777E00FF9522 /* Home */ = {
			isa = PBXGroup;
			children = (
				35AEA6F51D6D777E00FF9522 /* Controller */,
				35AEA6F81D6D777E00FF9522 /* Model */,
				35AEA6F91D6D777E00FF9522 /* View */,
			);
			path = Home;
			sourceTree = "<group>";
		};
		35AEA6F51D6D777E00FF9522 /* Controller */ = {
			isa = PBXGroup;
			children = (
				35AEA6F61D6D777E00FF9522 /* IWHomeViewCtrl.h */,
				35AEA6F71D6D777E00FF9522 /* IWHomeViewCtrl.m */,
			);
			path = Controller;
			sourceTree = "<group>";
		};
		35AEA6F81D6D777E00FF9522 /* Model */ = {
			isa = PBXGroup;
			children = (
			);
			path = Model;
			sourceTree = "<group>";
		};
		35AEA6F91D6D777E00FF9522 /* View */ = {
			isa = PBXGroup;
			children = (
				35AEA6FA1D6D777E00FF9522 /* IWHomeTitleButton.h */,
				35AEA6FB1D6D777E00FF9522 /* IWHomeTitleButton.m */,
				35AEA72D1D6D809800FF9522 /* IWPopView.h */,
				35AEA72E1D6D809800FF9522 /* IWPopView.m */,
			);
			path = View;
			sourceTree = "<group>";
		};
		35AEA6FC1D6D777E00FF9522 /* Message */ = {
			isa = PBXGroup;
			children = (
				35AEA6FD1D6D777E00FF9522 /* Controller */,
				35AEA6FE1D6D777E00FF9522 /* Model */,
				35AEA6FF1D6D777E00FF9522 /* View */,
			);
			path = Message;
			sourceTree = "<group>";
		};
		35AEA6FD1D6D777E00FF9522 /* Controller */ = {
			isa = PBXGroup;
			children = (
			);
			path = Controller;
			sourceTree = "<group>";
		};
		35AEA6FE1D6D777E00FF9522 /* Model */ = {
			isa = PBXGroup;
			children = (
			);
			path = Model;
			sourceTree = "<group>";
		};
		35AEA6FF1D6D777E00FF9522 /* View */ = {
			isa = PBXGroup;
			children = (
			);
			path = View;
			sourceTree = "<group>";
		};
		35AEA7001D6D777E00FF9522 /* Profile */ = {
			isa = PBXGroup;
			children = (
				35AEA7011D6D777E00FF9522 /* Controller */,
				35AEA7021D6D777E00FF9522 /* Model */,
				35AEA7031D6D777E00FF9522 /* View */,
			);
			path = Profile;
			sourceTree = "<group>";
		};
		35AEA7011D6D777E00FF9522 /* Controller */ = {
			isa = PBXGroup;
			children = (
			);
			path = Controller;
			sourceTree = "<group>";
		};
		35AEA7021D6D777E00FF9522 /* Model */ = {
			isa = PBXGroup;
			children = (
			);
			path = Model;
			sourceTree = "<group>";
		};
		35AEA7031D6D777E00FF9522 /* View */ = {
			isa = PBXGroup;
			children = (
			);
			path = View;
			sourceTree = "<group>";
		};
		35AEA7041D6D777E00FF9522 /* Public */ = {
			isa = PBXGroup;
			children = (
				35AEA7051D6D777E00FF9522 /* Category */,
				35AEA70C1D6D777E00FF9522 /* Controller */,
				35AEA7111D6D777E00FF9522 /* Model */,
				35AEA7121D6D777E00FF9522 /* View */,
			);
			path = Public;
			sourceTree = "<group>";
		};
		35AEA7051D6D777E00FF9522 /* Category */ = {
			isa = PBXGroup;
			children = (
				35AEA7061D6D777E00FF9522 /* UIBarButtonItem+Extension.h */,
				35AEA7071D6D777E00FF9522 /* UIBarButtonItem+Extension.m */,
				35AEA7081D6D777E00FF9522 /* UIView+Extension.h */,
				35AEA7091D6D777E00FF9522 /* UIView+Extension.m */,
				35AEA70A1D6D777E00FF9522 /* UIView+Inspectable.h */,
				35AEA70B1D6D777E00FF9522 /* UIView+Inspectable.m */,
				35439AD01D7042AE00591AEE /* UIWindow+Extension.h */,
				35439AD11D7042AE00591AEE /* UIWindow+Extension.m */,
			);
			path = Category;
			sourceTree = "<group>";
		};
		35AEA70C1D6D777E00FF9522 /* Controller */ = {
			isa = PBXGroup;
			children = (
				35AEA70D1D6D777E00FF9522 /* IWNavigationController.h */,
				35AEA70E1D6D777E00FF9522 /* IWNavigationController.m */,
				35AEA70F1D6D777E00FF9522 /* IWTabBarController.h */,
				35AEA7101D6D777E00FF9522 /* IWTabBarController.m */,
			);
			path = Controller;
			sourceTree = "<group>";
		};
		35AEA7111D6D777E00FF9522 /* Model */ = {
			isa = PBXGroup;
			children = (
			);
			path = Model;
			sourceTree = "<group>";
		};
		35AEA7121D6D777E00FF9522 /* View */ = {
			isa = PBXGroup;
			children = (
				35AEA7131D6D777E00FF9522 /* IWSearchView.h */,
				35AEA7141D6D777E00FF9522 /* IWSearchView.m */,
				35AEA7151D6D777E00FF9522 /* IWSearchView.xib */,
				35AEA7161D6D777E00FF9522 /* IWTabBar.h */,
				35AEA7171D6D777E00FF9522 /* IWTabBar.m */,
			);
			path = View;
			sourceTree = "<group>";
		};
		35AEA7181D6D777E00FF9522 /* Temp */ = {
			isa = PBXGroup;
			children = (
				35AEA7191D6D777E00FF9522 /* Controller */,
				35AEA71E1D6D777E00FF9522 /* Model */,
				35AEA71F1D6D777E00FF9522 /* View */,
			);
			path = Temp;
			sourceTree = "<group>";
		};
		35AEA7191D6D777E00FF9522 /* Controller */ = {
			isa = PBXGroup;
			children = (
				35AEA71A1D6D777E00FF9522 /* IWTemp2ViewCtrl.h */,
				35AEA71B1D6D777E00FF9522 /* IWTemp2ViewCtrl.m */,
				35AEA71C1D6D777E00FF9522 /* IWTemp3ViewCtrl.h */,
				35AEA71D1D6D777E00FF9522 /* IWTemp3ViewCtrl.m */,
			);
			path = Controller;
			sourceTree = "<group>";
		};
		35AEA71E1D6D777E00FF9522 /* Model */ = {
			isa = PBXGroup;
			children = (
			);
			path = Model;
			sourceTree = "<group>";
		};
		35AEA71F1D6D777E00FF9522 /* View */ = {
			isa = PBXGroup;
			children = (
			);
			path = View;
			sourceTree = "<group>";
		};
/* End PBXGroup section */

/* Begin PBXNativeTarget section */
		351DD8691D5C1EC800AAA9CF /* weibo */ = {
			isa = PBXNativeTarget;
			buildConfigurationList = 351DD8971D5C1EC800AAA9CF /* Build configuration list for PBXNativeTarget "weibo" */;
			buildPhases = (
				351DD8661D5C1EC800AAA9CF /* Sources */,
				351DD8671D5C1EC800AAA9CF /* Frameworks */,
				351DD8681D5C1EC800AAA9CF /* Resources */,
			);
			buildRules = (
			);
			dependencies = (
			);
			name = weibo;
			productName = weibo;
			productReference = 351DD86A1D5C1EC800AAA9CF /* weibo.app */;
			productType = "com.apple.product-type.application";
		};
		351DD8821D5C1EC800AAA9CF /* weiboTests */ = {
			isa = PBXNativeTarget;
			buildConfigurationList = 351DD89A1D5C1EC800AAA9CF /* Build configuration list for PBXNativeTarget "weiboTests" */;
			buildPhases = (
				351DD87F1D5C1EC800AAA9CF /* Sources */,
				351DD8801D5C1EC800AAA9CF /* Frameworks */,
				351DD8811D5C1EC800AAA9CF /* Resources */,
			);
			buildRules = (
			);
			dependencies = (
				351DD8851D5C1EC800AAA9CF /* PBXTargetDependency */,
			);
			name = weiboTests;
			productName = weiboTests;
			productReference = 351DD8831D5C1EC800AAA9CF /* weiboTests.xctest */;
			productType = "com.apple.product-type.bundle.unit-test";
		};
		351DD88D1D5C1EC800AAA9CF /* weiboUITests */ = {
			isa = PBXNativeTarget;
			buildConfigurationList = 351DD89D1D5C1EC800AAA9CF /* Build configuration list for PBXNativeTarget "weiboUITests" */;
			buildPhases = (
				351DD88A1D5C1EC800AAA9CF /* Sources */,
				351DD88B1D5C1EC800AAA9CF /* Frameworks */,
				351DD88C1D5C1EC800AAA9CF /* Resources */,
			);
			buildRules = (
			);
			dependencies = (
				351DD8901D5C1EC800AAA9CF /* PBXTargetDependency */,
			);
			name = weiboUITests;
			productName = weiboUITests;
			productReference = 351DD88E1D5C1EC800AAA9CF /* weiboUITests.xctest */;
			productType = "com.apple.product-type.bundle.ui-testing";
		};
/* End PBXNativeTarget section */

/* Begin PBXProject section */
		351DD8621D5C1EC800AAA9CF /* Project object */ = {
			isa = PBXProject;
			attributes = {
				CLASSPREFIX = IW;
				LastUpgradeCheck = 0730;
				ORGANIZATIONNAME = "何建新";
				TargetAttributes = {
					351DD8691D5C1EC800AAA9CF = {
						CreatedOnToolsVersion = 7.3.1;
						DevelopmentTeam = RD7J4DU62A;
					};
					351DD8821D5C1EC800AAA9CF = {
						CreatedOnToolsVersion = 7.3.1;
						DevelopmentTeam = RD7J4DU62A;
						TestTargetID = 351DD8691D5C1EC800AAA9CF;
					};
					351DD88D1D5C1EC800AAA9CF = {
						CreatedOnToolsVersion = 7.3.1;
						DevelopmentTeam = RD7J4DU62A;
						TestTargetID = 351DD8691D5C1EC800AAA9CF;
					};
				};
			};
			buildConfigurationList = 351DD8651D5C1EC800AAA9CF /* Build configuration list for PBXProject "weibo" */;
			compatibilityVersion = "Xcode 3.2";
			developmentRegion = English;
			hasScannedForEncodings = 0;
			knownRegions = (
				en,
				Base,
			);
			mainGroup = 351DD8611D5C1EC800AAA9CF;
			productRefGroup = 351DD86B1D5C1EC800AAA9CF /* Products */;
			projectDirPath = "";
			projectRoot = "";
			targets = (
				351DD8691D5C1EC800AAA9CF /* weibo */,
				351DD8821D5C1EC800AAA9CF /* weiboTests */,
				351DD88D1D5C1EC800AAA9CF /* weiboUITests */,
			);
		};
/* End PBXProject section */

/* Begin PBXResourcesBuildPhase section */
		351DD8681D5C1EC800AAA9CF /* Resources */ = {
			isa = PBXResourcesBuildPhase;
			buildActionMask = 2147483647;
			files = (
				351DD87A1D5C1EC800AAA9CF /* Assets.xcassets in Resources */,
				35AEA7291D6D777E00FF9522 /* IWSearchView.xib in Resources */,
			);
			runOnlyForDeploymentPostprocessing = 0;
		};
		351DD8811D5C1EC800AAA9CF /* Resources */ = {
			isa = PBXResourcesBuildPhase;
			buildActionMask = 2147483647;
			files = (
			);
			runOnlyForDeploymentPostprocessing = 0;
		};
		351DD88C1D5C1EC800AAA9CF /* Resources */ = {
			isa = PBXResourcesBuildPhase;
			buildActionMask = 2147483647;
			files = (
			);
			runOnlyForDeploymentPostprocessing = 0;
		};
/* End PBXResourcesBuildPhase section */

/* Begin PBXSourcesBuildPhase section */
		351DD8661D5C1EC800AAA9CF /* Sources */ = {
			isa = PBXSourcesBuildPhase;
			buildActionMask = 2147483647;
			files = (
				35AEA72C1D6D777E00FF9522 /* IWTemp3ViewCtrl.m in Sources */,
				35AEA7261D6D777E00FF9522 /* IWNavigationController.m in Sources */,
				3529FE1A1D6EF15A002FDF13 /* IWOAuthViewCtrl.m in Sources */,
				35439AC61D701CE700591AEE /* AFHTTPSessionManager.m in Sources */,
				35439ACA1D701CE700591AEE /* AFURLResponseSerialization.m in Sources */,
				351DD8721D5C1EC800AAA9CF /* AppDelegate.m in Sources */,
				35439AC71D701CE700591AEE /* AFNetworkReachabilityManager.m in Sources */,
				35AEA72B1D6D777E00FF9522 /* IWTemp2ViewCtrl.m in Sources */,
				35AEA7241D6D777E00FF9522 /* UIView+Extension.m in Sources */,
				35AEA7231D6D777E00FF9522 /* UIBarButtonItem+Extension.m in Sources */,
				35AEA7251D6D777E00FF9522 /* UIView+Inspectable.m in Sources */,
				35439AD21D7042AE00591AEE /* UIWindow+Extension.m in Sources */,
				35439ACF1D70274100591AEE /* IWAccount.m in Sources */,
				351DD86F1D5C1EC800AAA9CF /* main.m in Sources */,
				3529FE151D6E9AF2002FDF13 /* IWNewFeatureCtrl.m in Sources */,
				35439AC91D701CE700591AEE /* AFURLRequestSerialization.m in Sources */,
				35AEA7271D6D777E00FF9522 /* IWTabBarController.m in Sources */,
				35AEA7281D6D777E00FF9522 /* IWSearchView.m in Sources */,
				35AEA7211D6D777E00FF9522 /* IWHomeViewCtrl.m in Sources */,
				35AEA72A1D6D777E00FF9522 /* IWTabBar.m in Sources */,
				35439AC81D701CE700591AEE /* AFSecurityPolicy.m in Sources */,
				35AEA7221D6D777E00FF9522 /* IWHomeTitleButton.m in Sources */,
				35AEA7201D6D777E00FF9522 /* IWDiscoverViewCtrl.m in Sources */,
				35AEA72F1D6D809800FF9522 /* IWPopView.m in Sources */,
				35439ACB1D701CE700591AEE /* AFURLSessionManager.m in Sources */,
			);
			runOnlyForDeploymentPostprocessing = 0;
		};
		351DD87F1D5C1EC800AAA9CF /* Sources */ = {
			isa = PBXSourcesBuildPhase;
			buildActionMask = 2147483647;
			files = (
				351DD8881D5C1EC800AAA9CF /* weiboTests.m in Sources */,
			);
			runOnlyForDeploymentPostprocessing = 0;
		};
		351DD88A1D5C1EC800AAA9CF /* Sources */ = {
			isa = PBXSourcesBuildPhase;
			buildActionMask = 2147483647;
			files = (
				351DD8931D5C1EC800AAA9CF /* weiboUITests.m in Sources */,
			);
			runOnlyForDeploymentPostprocessing = 0;
		};
/* End PBXSourcesBuildPhase section */

/* Begin PBXTargetDependency section */
		351DD8851D5C1EC800AAA9CF /* PBXTargetDependency */ = {
			isa = PBXTargetDependency;
			target = 351DD8691D5C1EC800AAA9CF /* weibo */;
			targetProxy = 351DD8841D5C1EC800AAA9CF /* PBXContainerItemProxy */;
		};
		351DD8901D5C1EC800AAA9CF /* PBXTargetDependency */ = {
			isa = PBXTargetDependency;
			target = 351DD8691D5C1EC800AAA9CF /* weibo */;
			targetProxy = 351DD88F1D5C1EC800AAA9CF /* PBXContainerItemProxy */;
		};
/* End PBXTargetDependency section */

/* Begin XCBuildConfiguration section */
		351DD8951D5C1EC800AAA9CF /* Debug */ = {
			isa = XCBuildConfiguration;
			buildSettings = {
				ALWAYS_SEARCH_USER_PATHS = NO;
				CLANG_ANALYZER_NONNULL = YES;
				CLANG_CXX_LANGUAGE_STANDARD = "gnu++0x";
				CLANG_CXX_LIBRARY = "libc++";
				CLANG_ENABLE_MODULES = YES;
				CLANG_ENABLE_OBJC_ARC = YES;
				CLANG_WARN_BOOL_CONVERSION = YES;
				CLANG_WARN_CONSTANT_CONVERSION = YES;
				CLANG_WARN_DIRECT_OBJC_ISA_USAGE = YES_ERROR;
				CLANG_WARN_EMPTY_BODY = YES;
				CLANG_WARN_ENUM_CONVERSION = YES;
				CLANG_WARN_INT_CONVERSION = YES;
				CLANG_WARN_OBJC_ROOT_CLASS = YES_ERROR;
				CLANG_WARN_UNREACHABLE_CODE = YES;
				CLANG_WARN__DUPLICATE_METHOD_MATCH = YES;
				"CODE_SIGN_IDENTITY[sdk=iphoneos*]" = "iPhone Developer";
				COPY_PHASE_STRIP = NO;
				DEBUG_INFORMATION_FORMAT = dwarf;
				ENABLE_STRICT_OBJC_MSGSEND = YES;
				ENABLE_TESTABILITY = YES;
				GCC_C_LANGUAGE_STANDARD = gnu99;
				GCC_DYNAMIC_NO_PIC = NO;
				GCC_NO_COMMON_BLOCKS = YES;
				GCC_OPTIMIZATION_LEVEL = 0;
				GCC_PREPROCESSOR_DEFINITIONS = (
					"DEBUG=1",
					"$(inherited)",
				);
				GCC_WARN_64_TO_32_BIT_CONVERSION = YES;
				GCC_WARN_ABOUT_RETURN_TYPE = YES_ERROR;
				GCC_WARN_UNDECLARED_SELECTOR = YES;
				GCC_WARN_UNINITIALIZED_AUTOS = YES_AGGRESSIVE;
				GCC_WARN_UNUSED_FUNCTION = YES;
				GCC_WARN_UNUSED_VARIABLE = YES;
				IPHONEOS_DEPLOYMENT_TARGET = 9.3;
				MTL_ENABLE_DEBUG_INFO = YES;
				ONLY_ACTIVE_ARCH = YES;
				SDKROOT = iphoneos;
			};
			name = Debug;
		};
		351DD8961D5C1EC800AAA9CF /* Release */ = {
			isa = XCBuildConfiguration;
			buildSettings = {
				ALWAYS_SEARCH_USER_PATHS = NO;
				CLANG_ANALYZER_NONNULL = YES;
				CLANG_CXX_LANGUAGE_STANDARD = "gnu++0x";
				CLANG_CXX_LIBRARY = "libc++";
				CLANG_ENABLE_MODULES = YES;
				CLANG_ENABLE_OBJC_ARC = YES;
				CLANG_WARN_BOOL_CONVERSION = YES;
				CLANG_WARN_CONSTANT_CONVERSION = YES;
				CLANG_WARN_DIRECT_OBJC_ISA_USAGE = YES_ERROR;
				CLANG_WARN_EMPTY_BODY = YES;
				CLANG_WARN_ENUM_CONVERSION = YES;
				CLANG_WARN_INT_CONVERSION = YES;
				CLANG_WARN_OBJC_ROOT_CLASS = YES_ERROR;
				CLANG_WARN_UNREACHABLE_CODE = YES;
				CLANG_WARN__DUPLICATE_METHOD_MATCH = YES;
				"CODE_SIGN_IDENTITY[sdk=iphoneos*]" = "iPhone Developer";
				COPY_PHASE_STRIP = NO;
				DEBUG_INFORMATION_FORMAT = "dwarf-with-dsym";
				ENABLE_NS_ASSERTIONS = NO;
				ENABLE_STRICT_OBJC_MSGSEND = YES;
				GCC_C_LANGUAGE_STANDARD = gnu99;
				GCC_NO_COMMON_BLOCKS = YES;
				GCC_WARN_64_TO_32_BIT_CONVERSION = YES;
				GCC_WARN_ABOUT_RETURN_TYPE = YES_ERROR;
				GCC_WARN_UNDECLARED_SELECTOR = YES;
				GCC_WARN_UNINITIALIZED_AUTOS = YES_AGGRESSIVE;
				GCC_WARN_UNUSED_FUNCTION = YES;
				GCC_WARN_UNUSED_VARIABLE = YES;
				IPHONEOS_DEPLOYMENT_TARGET = 9.3;
				MTL_ENABLE_DEBUG_INFO = NO;
				SDKROOT = iphoneos;
				VALIDATE_PRODUCT = YES;
			};
			name = Release;
		};
		351DD8981D5C1EC800AAA9CF /* Debug */ = {
			isa = XCBuildConfiguration;
			buildSettings = {
				ASSETCATALOG_COMPILER_APPICON_NAME = AppIcon;
				ASSETCATALOG_COMPILER_LAUNCHIMAGE_NAME = "Brand Assets";
				GCC_PREFIX_HEADER = "$(SRCROOT)/weibo/PrefixHeader.pch";
				INFOPLIST_FILE = weibo/Info.plist;
				LD_RUNPATH_SEARCH_PATHS = "$(inherited) @executable_path/Frameworks";
				PRODUCT_BUNDLE_IDENTIFIER = com.hejianxin.weibo;
				PRODUCT_NAME = "$(TARGET_NAME)";
			};
			name = Debug;
		};
		351DD8991D5C1EC800AAA9CF /* Release */ = {
			isa = XCBuildConfiguration;
			buildSettings = {
				ASSETCATALOG_COMPILER_APPICON_NAME = AppIcon;
				ASSETCATALOG_COMPILER_LAUNCHIMAGE_NAME = "Brand Assets";
				GCC_PREFIX_HEADER = "$(SRCROOT)/weibo/PrefixHeader.pch";
				INFOPLIST_FILE = weibo/Info.plist;
				LD_RUNPATH_SEARCH_PATHS = "$(inherited) @executable_path/Frameworks";
				PRODUCT_BUNDLE_IDENTIFIER = com.hejianxin.weibo;
				PRODUCT_NAME = "$(TARGET_NAME)";
			};
			name = Release;
		};
		351DD89B1D5C1EC800AAA9CF /* Debug */ = {
			isa = XCBuildConfiguration;
			buildSettings = {
				BUNDLE_LOADER = "$(TEST_HOST)";
				INFOPLIST_FILE = weiboTests/Info.plist;
				LD_RUNPATH_SEARCH_PATHS = "$(inherited) @executable_path/Frameworks @loader_path/Frameworks";
				PRODUCT_BUNDLE_IDENTIFIER = com.hejianxin.weiboTests;
				PRODUCT_NAME = "$(TARGET_NAME)";
				TEST_HOST = "$(BUILT_PRODUCTS_DIR)/weibo.app/weibo";
			};
			name = Debug;
		};
		351DD89C1D5C1EC800AAA9CF /* Release */ = {
			isa = XCBuildConfiguration;
			buildSettings = {
				BUNDLE_LOADER = "$(TEST_HOST)";
				INFOPLIST_FILE = weiboTests/Info.plist;
				LD_RUNPATH_SEARCH_PATHS = "$(inherited) @executable_path/Frameworks @loader_path/Frameworks";
				PRODUCT_BUNDLE_IDENTIFIER = com.hejianxin.weiboTests;
				PRODUCT_NAME = "$(TARGET_NAME)";
				TEST_HOST = "$(BUILT_PRODUCTS_DIR)/weibo.app/weibo";
			};
			name = Release;
		};
		351DD89E1D5C1EC800AAA9CF /* Debug */ = {
			isa = XCBuildConfiguration;
			buildSettings = {
				INFOPLIST_FILE = weiboUITests/Info.plist;
				LD_RUNPATH_SEARCH_PATHS = "$(inherited) @executable_path/Frameworks @loader_path/Frameworks";
				PRODUCT_BUNDLE_IDENTIFIER = com.hejianxin.weiboUITests;
				PRODUCT_NAME = "$(TARGET_NAME)";
				TEST_TARGET_NAME = weibo;
			};
			name = Debug;
		};
		351DD89F1D5C1EC800AAA9CF /* Release */ = {
			isa = XCBuildConfiguration;
			buildSettings = {
				INFOPLIST_FILE = weiboUITests/Info.plist;
				LD_RUNPATH_SEARCH_PATHS = "$(inherited) @executable_path/Frameworks @loader_path/Frameworks";
				PRODUCT_BUNDLE_IDENTIFIER = com.hejianxin.weiboUITests;
				PRODUCT_NAME = "$(TARGET_NAME)";
				TEST_TARGET_NAME = weibo;
			};
			name = Release;
		};
/* End XCBuildConfiguration section */

/* Begin XCConfigurationList section */
		351DD8651D5C1EC800AAA9CF /* Build configuration list for PBXProject "weibo" */ = {
			isa = XCConfigurationList;
			buildConfigurations = (
				351DD8951D5C1EC800AAA9CF /* Debug */,
				351DD8961D5C1EC800AAA9CF /* Release */,
			);
			defaultConfigurationIsVisible = 0;
			defaultConfigurationName = Release;
		};
		351DD8971D5C1EC800AAA9CF /* Build configuration list for PBXNativeTarget "weibo" */ = {
			isa = XCConfigurationList;
			buildConfigurations = (
				351DD8981D5C1EC800AAA9CF /* Debug */,
				351DD8991D5C1EC800AAA9CF /* Release */,
			);
			defaultConfigurationIsVisible = 0;
			defaultConfigurationName = Release;
		};
		351DD89A1D5C1EC800AAA9CF /* Build configuration list for PBXNativeTarget "weiboTests" */ = {
			isa = XCConfigurationList;
			buildConfigurations = (
				351DD89B1D5C1EC800AAA9CF /* Debug */,
				351DD89C1D5C1EC800AAA9CF /* Release */,
			);
			defaultConfigurationIsVisible = 0;
			defaultConfigurationName = Release;
		};
		351DD89D1D5C1EC800AAA9CF /* Build configuration list for PBXNativeTarget "weiboUITests" */ = {
			isa = XCConfigurationList;
			buildConfigurations = (
				351DD89E1D5C1EC800AAA9CF /* Debug */,
				351DD89F1D5C1EC800AAA9CF /* Release */,
			);
			defaultConfigurationIsVisible = 0;
			defaultConfigurationName = Release;
		};
/* End XCConfigurationList section */
	};
	rootObject = 351DD8621D5C1EC800AAA9CF /* Project object */;
}
